
Microsoft Visual Studio Solution File, Format Version 12.00
# Visual Studio Version 16
VisualStudioVersion = 16.0.29728.190
MinimumVisualStudioVersion = 10.0.40219.1
Project("{FAE04EC0-301F-11D3-BF4B-00C04F79EFBC}") = "MakaraBot", "MakaraBot.csproj", "{38FFFB58-0260-4561-A123-85D79A0008D6}"
EndProject
Global
	GlobalSection(SolutionConfigurationPlatforms) = preSolution
		Debug|Any CPU = Debug|Any CPU
		Release|Any CPU = Release|Any CPU
	EndGlobalSection
	GlobalSection(ProjectConfigurationPlatforms) = postSolution
		{38FFFB58-0260-4561-A123-85D79A0008D6}.Debug|Any CPU.ActiveCfg = Debug|Any CPU
		{38FFFB58-0260-4561-A123-85D79A0008D6}.Debug|Any CPU.Build.0 = Debug|Any CPU
		{38FFFB58-0260-4561-A123-85D79A0008D6}.Release|Any CPU.ActiveCfg = Release|Any CPU
		{38FFFB58-0260-4561-A123-85D79A0008D6}.Release|Any CPU.Build.0 = Release|Any CPU
	EndGlobalSection
	GlobalSection(SolutionProperties) = preSolution
		HideSolutionNode = FALSE
	EndGlobalSection
	GlobalSection(ExtensibilityGlobals) = postSolution
		SolutionGuid = {2785E48B-DB7E-42E8-9EA1-075234C97DEA}
	EndGlobalSection
EndGlobal
